
Microsoft Visual Studio Solution File, Format Version 12.00
# Visual Studio Version 16
VisualStudioVersion = 16.0.30320.27
MinimumVisualStudioVersion = 10.0.40219.1
Project("{9A19103F-16F7-4668-BE54-9A1E7A4F7556}") = "BankLibrary", "BankLibrary.csproj", "{8726D1C2-DF72-44C7-9691-B8FA24EFE5F7}"
	ProjectSection(ProjectDependencies) = postProject
		{48B71A41-83B9-42A3-A942-F5E0D304FC21} = {48B71A41-83B9-42A3-A942-F5E0D304FC21}
		{E2F8208C-2B6A-48D1-8ACA-1DE170AC99F8} = {E2F8208C-2B6A-48D1-8ACA-1DE170AC99F8}
		{D888B2FD-7D5D-444E-B41B-0E7C88B9323F} = {D888B2FD-7D5D-444E-B41B-0E7C88B9323F}
	EndProjectSection
EndProject
Project("{9A19103F-16F7-4668-BE54-9A1E7A4F7556}") = "DepartmentLibrary", "..\DepartmentLibrary\DepartmentLibrary.csproj", "{48B71A41-83B9-42A3-A942-F5E0D304FC21}"
	ProjectSection(ProjectDependencies) = postProject
		{E2F8208C-2B6A-48D1-8ACA-1DE170AC99F8} = {E2F8208C-2B6A-48D1-8ACA-1DE170AC99F8}
	EndProjectSection
EndProject
Project("{9A19103F-16F7-4668-BE54-9A1E7A4F7556}") = "BankLibrary.DI", "..\BankLibrary.DI\BankLibrary.DI.csproj", "{E2F8208C-2B6A-48D1-8ACA-1DE170AC99F8}"
	ProjectSection(ProjectDependencies) = postProject
		{D888B2FD-7D5D-444E-B41B-0E7C88B9323F} = {D888B2FD-7D5D-444E-B41B-0E7C88B9323F}
	EndProjectSection
EndProject
Project("{9A19103F-16F7-4668-BE54-9A1E7A4F7556}") = "BankLibrary.Utilities", "..\BankLibraryUtilities\BankLibrary.Utilities.csproj", "{D888B2FD-7D5D-444E-B41B-0E7C88B9323F}"
EndProject
Global
	GlobalSection(SolutionConfigurationPlatforms) = preSolution
		Debug|Any CPU = Debug|Any CPU
		Release|Any CPU = Release|Any CPU
	EndGlobalSection
	GlobalSection(ProjectConfigurationPlatforms) = postSolution
		{8726D1C2-DF72-44C7-9691-B8FA24EFE5F7}.Debug|Any CPU.ActiveCfg = Debug|Any CPU
		{8726D1C2-DF72-44C7-9691-B8FA24EFE5F7}.Debug|Any CPU.Build.0 = Debug|Any CPU
		{8726D1C2-DF72-44C7-9691-B8FA24EFE5F7}.Release|Any CPU.ActiveCfg = Release|Any CPU
		{8726D1C2-DF72-44C7-9691-B8FA24EFE5F7}.Release|Any CPU.Build.0 = Release|Any CPU
		{48B71A41-83B9-42A3-A942-F5E0D304FC21}.Debug|Any CPU.ActiveCfg = Debug|Any CPU
		{48B71A41-83B9-42A3-A942-F5E0D304FC21}.Debug|Any CPU.Build.0 = Debug|Any CPU
		{48B71A41-83B9-42A3-A942-F5E0D304FC21}.Release|Any CPU.ActiveCfg = Release|Any CPU
		{48B71A41-83B9-42A3-A942-F5E0D304FC21}.Release|Any CPU.Build.0 = Release|Any CPU
		{E2F8208C-2B6A-48D1-8ACA-1DE170AC99F8}.Debug|Any CPU.ActiveCfg = Debug|Any CPU
		{E2F8208C-2B6A-48D1-8ACA-1DE170AC99F8}.Debug|Any CPU.Build.0 = Debug|Any CPU
		{E2F8208C-2B6A-48D1-8ACA-1DE170AC99F8}.Release|Any CPU.ActiveCfg = Release|Any CPU
		{E2F8208C-2B6A-48D1-8ACA-1DE170AC99F8}.Release|Any CPU.Build.0 = Release|Any CPU
		{D888B2FD-7D5D-444E-B41B-0E7C88B9323F}.Debug|Any CPU.ActiveCfg = Debug|Any CPU
		{D888B2FD-7D5D-444E-B41B-0E7C88B9323F}.Debug|Any CPU.Build.0 = Debug|Any CPU
		{D888B2FD-7D5D-444E-B41B-0E7C88B9323F}.Release|Any CPU.ActiveCfg = Release|Any CPU
		{D888B2FD-7D5D-444E-B41B-0E7C88B9323F}.Release|Any CPU.Build.0 = Release|Any CPU
	EndGlobalSection
	GlobalSection(SolutionProperties) = preSolution
		HideSolutionNode = FALSE
	EndGlobalSection
	GlobalSection(ExtensibilityGlobals) = postSolution
		SolutionGuid = {DDE9973D-0367-44C9-A527-1D3CD865D5AB}
	EndGlobalSection
EndGlobal
