
Microsoft Visual Studio Solution File, Format Version 12.00
# Visual Studio Version 16
VisualStudioVersion = 16.0.30320.27
MinimumVisualStudioVersion = 10.0.40219.1
Project("{9A19103F-16F7-4668-BE54-9A1E7A4F7556}") = "BankLibrary", "BankLibrary.csproj", "{8726D1C2-DF72-44C7-9691-B8FA24EFE5F7}"
EndProject
Project("{9A19103F-16F7-4668-BE54-9A1E7A4F7556}") = "DepartmentLibrary", "..\DepartmentLibrary\DepartmentLibrary.csproj", "{48B71A41-83B9-42A3-A942-F5E0D304FC21}"
EndProject
Global
	GlobalSection(SolutionConfigurationPlatforms) = preSolution
		Debug|Any CPU = Debug|Any CPU
		Release|Any CPU = Release|Any CPU
	EndGlobalSection
	GlobalSection(ProjectConfigurationPlatforms) = postSolution
		{8726D1C2-DF72-44C7-9691-B8FA24EFE5F7}.Debug|Any CPU.ActiveCfg = Debug|Any CPU
		{8726D1C2-DF72-44C7-9691-B8FA24EFE5F7}.Debug|Any CPU.Build.0 = Debug|Any CPU
		{8726D1C2-DF72-44C7-9691-B8FA24EFE5F7}.Release|Any CPU.ActiveCfg = Release|Any CPU
		{8726D1C2-DF72-44C7-9691-B8FA24EFE5F7}.Release|Any CPU.Build.0 = Release|Any CPU
		{48B71A41-83B9-42A3-A942-F5E0D304FC21}.Debug|Any CPU.ActiveCfg = Debug|Any CPU
		{48B71A41-83B9-42A3-A942-F5E0D304FC21}.Debug|Any CPU.Build.0 = Debug|Any CPU
		{48B71A41-83B9-42A3-A942-F5E0D304FC21}.Release|Any CPU.ActiveCfg = Release|Any CPU
		{48B71A41-83B9-42A3-A942-F5E0D304FC21}.Release|Any CPU.Build.0 = Release|Any CPU
	EndGlobalSection
	GlobalSection(SolutionProperties) = preSolution
		HideSolutionNode = FALSE
	EndGlobalSection
	GlobalSection(ExtensibilityGlobals) = postSolution
		SolutionGuid = {DDE9973D-0367-44C9-A527-1D3CD865D5AB}
	EndGlobalSection
EndGlobal
